
Microsoft Visual Studio Solution File, Format Version 12.00
# Visual Studio Version 17
VisualStudioVersion = 17.7.34024.191
MinimumVisualStudioVersion = 10.0.40219.1
Project("{9A19103F-16F7-4668-BE54-9A1E7A4F7556}") = "stavinskaya-darya-kt-41-20", "stavinskaya-darya-kt-41-20\stavinskaya-darya-kt-41-20.csproj", "{12493896-7859-49FA-B6FF-3163090A3FED}"
EndProject
Project("{FAE04EC0-301F-11D3-BF4B-00C04F79EFBC}") = "stavinskaya-darya-kt-41-20.Tests", "stavinskaya-darya-kt-41-20.Tests\stavinskaya-darya-kt-41-20.Tests.csproj", "{B55AB481-BAF2-4693-8DD4-0FEDDC795990}"
EndProject
Global
	GlobalSection(SolutionConfigurationPlatforms) = preSolution
		Debug|Any CPU = Debug|Any CPU
		Release|Any CPU = Release|Any CPU
	EndGlobalSection
	GlobalSection(ProjectConfigurationPlatforms) = postSolution
		{12493896-7859-49FA-B6FF-3163090A3FED}.Debug|Any CPU.ActiveCfg = Debug|Any CPU
		{12493896-7859-49FA-B6FF-3163090A3FED}.Debug|Any CPU.Build.0 = Debug|Any CPU
		{12493896-7859-49FA-B6FF-3163090A3FED}.Release|Any CPU.ActiveCfg = Release|Any CPU
		{12493896-7859-49FA-B6FF-3163090A3FED}.Release|Any CPU.Build.0 = Release|Any CPU
		{B55AB481-BAF2-4693-8DD4-0FEDDC795990}.Debug|Any CPU.ActiveCfg = Debug|Any CPU
		{B55AB481-BAF2-4693-8DD4-0FEDDC795990}.Debug|Any CPU.Build.0 = Debug|Any CPU
		{B55AB481-BAF2-4693-8DD4-0FEDDC795990}.Release|Any CPU.ActiveCfg = Release|Any CPU
		{B55AB481-BAF2-4693-8DD4-0FEDDC795990}.Release|Any CPU.Build.0 = Release|Any CPU
	EndGlobalSection
	GlobalSection(SolutionProperties) = preSolution
		HideSolutionNode = FALSE
	EndGlobalSection
	GlobalSection(ExtensibilityGlobals) = postSolution
		SolutionGuid = {4CA5D2C7-8613-4456-8047-3250615DCC75}
	EndGlobalSection
EndGlobal
